# This file is automatically @generated by Cargo.
# It is not intended for manual editing.
version = 4

[[package]]
name = "generics"
version = "0.1.0"

[[package]]
name = "trait-caller-function"
version = "0.1.0"
dependencies = [
 "generics",
 "traits",
]

[[package]]
name = "traits"
version = "0.1.0"
